
Microsoft Visual Studio Solution File, Format Version 12.00
# Visual Studio Version 17
VisualStudioVersion = 17.7.34031.279
MinimumVisualStudioVersion = 10.0.40219.1
Project("{FAE04EC0-301F-11D3-BF4B-00C04F79EFBC}") = "HPC Finish", "HPC Finish\HPC Finish.csproj", "{0CB0D9FE-9C46-4379-A2AE-19CC58E7BEE4}"
EndProject
Global
	GlobalSection(SolutionConfigurationPlatforms) = preSolution
		Debug|Any CPU = Debug|Any CPU
		Release|Any CPU = Release|Any CPU
	EndGlobalSection
	GlobalSection(ProjectConfigurationPlatforms) = postSolution
		{0CB0D9FE-9C46-4379-A2AE-19CC58E7BEE4}.Debug|Any CPU.ActiveCfg = Debug|Any CPU
		{0CB0D9FE-9C46-4379-A2AE-19CC58E7BEE4}.Debug|Any CPU.Build.0 = Debug|Any CPU
		{0CB0D9FE-9C46-4379-A2AE-19CC58E7BEE4}.Release|Any CPU.ActiveCfg = Release|Any CPU
		{0CB0D9FE-9C46-4379-A2AE-19CC58E7BEE4}.Release|Any CPU.Build.0 = Release|Any CPU
	EndGlobalSection
	GlobalSection(SolutionProperties) = preSolution
		HideSolutionNode = FALSE
	EndGlobalSection
	GlobalSection(ExtensibilityGlobals) = postSolution
		SolutionGuid = {60C6D47D-56F4-43B7-AABA-3C8FBEE510BA}
	EndGlobalSection
EndGlobal
